
Microsoft Visual Studio Solution File, Format Version 12.00
# Visual Studio Version 16
VisualStudioVersion = 16.0.31911.196
MinimumVisualStudioVersion = 10.0.40219.1
Project("{FAE04EC0-301F-11D3-BF4B-00C04F79EFBC}") = "Aldas", "Aldas\Aldas.csproj", "{03E83F2F-2565-42CA-9301-10AEBF962045}"
EndProject
Global
	GlobalSection(SolutionConfigurationPlatforms) = preSolution
		Debug|Any CPU = Debug|Any CPU
		Release|Any CPU = Release|Any CPU
	EndGlobalSection
	GlobalSection(ProjectConfigurationPlatforms) = postSolution
		{03E83F2F-2565-42CA-9301-10AEBF962045}.Debug|Any CPU.ActiveCfg = Debug|Any CPU
		{03E83F2F-2565-42CA-9301-10AEBF962045}.Debug|Any CPU.Build.0 = Debug|Any CPU
		{03E83F2F-2565-42CA-9301-10AEBF962045}.Release|Any CPU.ActiveCfg = Release|Any CPU
		{03E83F2F-2565-42CA-9301-10AEBF962045}.Release|Any CPU.Build.0 = Release|Any CPU
	EndGlobalSection
	GlobalSection(SolutionProperties) = preSolution
		HideSolutionNode = FALSE
	EndGlobalSection
	GlobalSection(ExtensibilityGlobals) = postSolution
		SolutionGuid = {5509F34C-94D5-45A7-A7B5-7504CD20404C}
	EndGlobalSection
EndGlobal
